Microsoft Visual Studio Solution File, Format Version 12.00
# Visual Studio Version 17
VisualStudioVersion = 17.14.36414.22
MinimumVisualStudioVersion = 10.0.40219.1
Project("{FAE04EC0-301F-11D3-BF4B-00C04F79EFBC}") = "PDV.API", "PDV.API\PDV.API.csproj", "{5376B50D-BB67-4FD2-BB2E-040045D53819}"
EndProject
Project("{FAE04EC0-301F-11D3-BF4B-00C04F79EFBC}") = "PDV.Core", "PDV.Core\PDV.Core.csproj", "{9D3B44FC-9E9E-46F5-B450-EE6AEBFFC2EC}"
EndProject
Project("{FAE04EC0-301F-11D3-BF4B-00C04F79EFBC}") = "PDV.Application", "PDV.Application\PDV.Application.csproj", "{1C2CEEB5-6AD1-4838-84AA-BADF8600912C}"
EndProject
Project("{FAE04EC0-301F-11D3-BF4B-00C04F79EFBC}") = "PDV.Infrastructure", "PDV.Infrastructure\PDV.Infrastructure.csproj", "{B12F1EB4-B94E-429E-8A28-1BC55BD5A025}"
EndProject
Project("{2150E333-8FDC-42A3-9474-1A3956D46DE8}") = "src", "src", "{02EA681E-C7D8-13C7-8484-4AC65E1B71E8}"
EndProject
Project("{2150E333-8FDC-42A3-9474-1A3956D46DE8}") = "tests", "tests", "{6B5594FD-6EB3-414A-A913-4F7F5A8822A6}"
EndProject
Project("{FAE04EC0-301F-11D3-BF4B-00C04F79EFBC}") = "PDV.Application.Tests", "PDV.Application.Tests\PDV.Application.Tests.csproj", "{79C0D882-6E1C-486F-AD30-4801E1814026}"
EndProject
Global
	GlobalSection(SolutionConfigurationPlatforms) = preSolution
		Debug|Any CPU = Debug|Any CPU
		Release|Any CPU = Release|Any CPU
	EndGlobalSection
	GlobalSection(ProjectConfigurationPlatforms) = postSolution
		{5376B50D-BB67-4FD2-BB2E-040045D53819}.Debug|Any CPU.ActiveCfg = Debug|Any CPU
		{5376B50D-BB67-4FD2-BB2E-040045D53819}.Debug|Any CPU.Build.0 = Debug|Any CPU
		{5376B50D-BB67-4FD2-BB2E-040045D53819}.Release|Any CPU.ActiveCfg = Release|Any CPU
		{5376B50D-BB67-4FD2-BB2E-040045D53819}.Release|Any CPU.Build.0 = Release|Any CPU
		{9D3B44FC-9E9E-46F5-B450-EE6AEBFFC2EC}.Debug|Any CPU.ActiveCfg = Debug|Any CPU
		{9D3B44FC-9E9E-46F5-B450-EE6AEBFFC2EC}.Debug|Any CPU.Build.0 = Debug|Any CPU
		{9D3B44FC-9E9E-46F5-B450-EE6AEBFFC2EC}.Release|Any CPU.ActiveCfg = Release|Any CPU
		{9D3B44FC-9E9E-46F5-B450-EE6AEBFFC2EC}.Release|Any CPU.Build.0 = Release|Any CPU
		{1C2CEEB5-6AD1-4838-84AA-BADF8600912C}.Debug|Any CPU.ActiveCfg = Debug|Any CPU
		{1C2CEEB5-6AD1-4838-84AA-BADF8600912C}.Debug|Any CPU.Build.0 = Debug|Any CPU
		{1C2CEEB5-6AD1-4838-84AA-BADF8600912C}.Release|Any CPU.ActiveCfg = Release|Any CPU
		{1C2CEEB5-6AD1-4838-84AA-BADF8600912C}.Release|Any CPU.Build.0 = Release|Any CPU
		{B12F1EB4-B94E-429E-8A28-1BC55BD5A025}.Debug|Any CPU.ActiveCfg = Debug|Any CPU
		{B12F1EB4-B94E-429E-8A28-1BC55BD5A025}.Debug|Any CPU.Build.0 = Debug|Any CPU
		{B12F1EB4-B94E-429E-8A28-1BC55BD5A025}.Release|Any CPU.ActiveCfg = Release|Any CPU
		{B12F1EB4-B94E-429E-8A28-1BC55BD5A025}.Release|Any CPU.Build.0 = Release|Any CPU
		{79C0D882-6E1C-486F-AD30-4801E1814026}.Debug|Any CPU.ActiveCfg = Debug|Any CPU
		{79C0D882-6E1C-486F-AD30-4801E1814026}.Debug|Any CPU.Build.0 = Debug|Any CPU
		{79C0D882-6E1C-486F-AD30-4801E1814026}.Release|Any CPU.ActiveCfg = Release|Any CPU
		{79C0D882-6E1C-486F-AD30-4801E1814026}.Release|Any CPU.Build.0 = Release|Any CPU
	EndGlobalSection
	GlobalSection(SolutionProperties) = preSolution
		HideSolutionNode = FALSE
	EndGlobalSection
	GlobalSection(NestedProjects) = preSolution
		{5376B50D-BB67-4FD2-BB2E-040045D53819} = {02EA681E-C7D8-13C7-8484-4AC65E1B71E8}
		{9D3B44FC-9E9E-46F5-B450-EE6AEBFFC2EC} = {02EA681E-C7D8-13C7-8484-4AC65E1B71E8}
		{1C2CEEB5-6AD1-4838-84AA-BADF8600912C} = {02EA681E-C7D8-13C7-8484-4AC65E1B71E8}
		{B12F1EB4-B94E-429E-8A28-1BC55BD5A025} = {02EA681E-C7D8-13C7-8484-4AC65E1B71E8}
		{79C0D882-6E1C-486F-AD30-4801E1814026} = {6B5594FD-6EB3-414A-A913-4F7F5A8822A6}
	EndGlobalSection
	GlobalSection(ExtensibilityGlobals) = postSolution
		SolutionGuid = {51BF05F8-F61B-4228-BE8F-B27113A6687A}
	EndGlobalSection
EndGlobal
